
Microsoft Visual Studio Solution File, Format Version 12.00
# Visual Studio 2013
VisualStudioVersion = 12.0.31101.0
MinimumVisualStudioVersion = 10.0.40219.1
Project("{FAE04EC0-301F-11D3-BF4B-00C04F79EFBC}") = "Snippets", "Snippets\Snippets.csproj", "{0984CCD3-E45C-4A7D-82A6-D3229D9E02BA}"
EndProject
Project("{FAE04EC0-301F-11D3-BF4B-00C04F79EFBC}") = "Snippets.UnitTests", "Snippets.UnitTests\Snippets.UnitTests.csproj", "{EB85FFAF-DA55-4E88-82EA-96E8A55BA447}"
EndProject
Global
	GlobalSection(SolutionConfigurationPlatforms) = preSolution
		Debug|Any CPU = Debug|Any CPU
		Release|Any CPU = Release|Any CPU
	EndGlobalSection
	GlobalSection(ProjectConfigurationPlatforms) = postSolution
		{0984CCD3-E45C-4A7D-82A6-D3229D9E02BA}.Debug|Any CPU.ActiveCfg = Debug|Any CPU
		{0984CCD3-E45C-4A7D-82A6-D3229D9E02BA}.Debug|Any CPU.Build.0 = Debug|Any CPU
		{0984CCD3-E45C-4A7D-82A6-D3229D9E02BA}.Release|Any CPU.ActiveCfg = Release|Any CPU
		{0984CCD3-E45C-4A7D-82A6-D3229D9E02BA}.Release|Any CPU.Build.0 = Release|Any CPU
		{EB85FFAF-DA55-4E88-82EA-96E8A55BA447}.Debug|Any CPU.ActiveCfg = Debug|Any CPU
		{EB85FFAF-DA55-4E88-82EA-96E8A55BA447}.Debug|Any CPU.Build.0 = Debug|Any CPU
		{EB85FFAF-DA55-4E88-82EA-96E8A55BA447}.Release|Any CPU.ActiveCfg = Release|Any CPU
		{EB85FFAF-DA55-4E88-82EA-96E8A55BA447}.Release|Any CPU.Build.0 = Release|Any CPU
	EndGlobalSection
	GlobalSection(SolutionProperties) = preSolution
		HideSolutionNode = FALSE
	EndGlobalSection
EndGlobal
